
Microsoft Visual Studio Solution File, Format Version 12.00
# Visual Studio Version 17
VisualStudioVersion = 17.0.31903.59
MinimumVisualStudioVersion = 10.0.40219.1
Project("{2150E333-8FDC-42A3-9474-1A3956D46DE8}") = "01-Podstawy", "01-Podstawy", "{FB50E3C5-C13C-2019-1055-E6355DB81883}"
EndProject
Project("{2150E333-8FDC-42A3-9474-1A3956D46DE8}") = "01.1-Hello-World", "01.1-Hello-World", "{724F24B2-C85E-4423-FEC5-89ECC071C1BD}"
EndProject
Project("{FAE04EC0-301F-11D3-BF4B-00C04F79EFBC}") = "HelloWorld", "01-Podstawy\01.1-Hello-World\HelloWorld\HelloWorld.csproj", "{4222B15A-75F9-4B64-9A2D-0E43E7BAE2BC}"
EndProject
Project("{2150E333-8FDC-42A3-9474-1A3956D46DE8}") = "01.1-Hello-World-Backup", "01.1-Hello-World-Backup", "{7D68C075-B26F-274A-3904-B66CFE6947F3}"
EndProject
Project("{FAE04EC0-301F-11D3-BF4B-00C04F79EFBC}") = "HelloWord", "01-Podstawy\01.1-Hello-World-Backup\HelloWord.csproj", "{C7D4C2EC-D4DC-408A-97DE-7B6B82B72D7F}"
EndProject
Project("{2150E333-8FDC-42A3-9474-1A3956D46DE8}") = "01.1-Hello-World-Ref", "01.1-Hello-World-Ref", "{ADDDEA40-0625-F045-8357-D0C41199A445}"
EndProject
Project("{FAE04EC0-301F-11D3-BF4B-00C04F79EFBC}") = "ClassLibrary1", "01-Podstawy\01.1-Hello-World-Ref\ClassLibrary1\ClassLibrary1.csproj", "{F132B0DB-3B39-4767-96FD-E9C08A9CDD7F}"
EndProject
Project("{FAE04EC0-301F-11D3-BF4B-00C04F79EFBC}") = "ConsoleApp1", "01-Podstawy\01.1-Hello-World-Ref\ConsoleApp1\ConsoleApp1.csproj", "{DF478D3B-196F-4FFD-8BA0-07221E0075DB}"
EndProject
Project("{FAE04EC0-301F-11D3-BF4B-00C04F79EFBC}") = "ConsoleApp2", "01-Podstawy\01.1-Hello-World-Ref\ConsoleApp2\ConsoleApp2.csproj", "{E439149B-C18E-42DC-8A1E-A1725A3EDE6E}"
EndProject
Project("{FAE04EC0-301F-11D3-BF4B-00C04F79EFBC}") = "ConsoleApp3", "01-Podstawy\01.1-Hello-World-Ref\ConsoleApp3\ConsoleApp3.csproj", "{7A13DEC8-8655-45A5-AAB5-4ECC11BAE11D}"
EndProject
Project("{2150E333-8FDC-42A3-9474-1A3956D46DE8}") = "01.2-Skladnia", "01.2-Skladnia", "{19BB093C-5DD3-CD4F-DD41-76BF7AF20B7E}"
EndProject
Project("{FAE04EC0-301F-11D3-BF4B-00C04F79EFBC}") = "PierwszyKod", "01-Podstawy\01.2-Skladnia\PierwszyKod.csproj", "{5AB048A0-7C73-41A0-9751-408301C8CA23}"
EndProject
Project("{2150E333-8FDC-42A3-9474-1A3956D46DE8}") = "02-Kontrola-Przeplywu", "02-Kontrola-Przeplywu", "{D806B43B-D898-3164-D0B0-D9F9A8FDE84F}"
EndProject
Project("{2150E333-8FDC-42A3-9474-1A3956D46DE8}") = "02.1-Instrukcje-Warunkowe", "02.1-Instrukcje-Warunkowe", "{0564F80A-8723-6C98-F232-84DE43C42186}"
EndProject
Project("{FAE04EC0-301F-11D3-BF4B-00C04F79EFBC}") = "Start2024", "02-Kontrola-Przeplywu\02.1-Instrukcje-Warunkowe\Start2024.csproj", "{90170C28-94F1-4FFB-BACE-8B4AFA3CC1B5}"
EndProject
Project("{2150E333-8FDC-42A3-9474-1A3956D46DE8}") = "02.2-Petle", "02.2-Petle", "{AE378B8F-8610-BF93-1C6F-CCAF4C9234C6}"
EndProject
Project("{FAE04EC0-301F-11D3-BF4B-00C04F79EFBC}") = "aplikacjaPokazowa", "02-Kontrola-Przeplywu\02.2-Petle\aplikacjaPokazowa\aplikacjaPokazowa.csproj", "{3FDF8EAB-F4D9-4283-9F0B-0CF8898613AF}"
EndProject
Project("{FAE04EC0-301F-11D3-BF4B-00C04F79EFBC}") = "Pokazowa2", "02-Kontrola-Przeplywu\02.2-Petle\Pokazowa2\Pokazowa2.csproj", "{693034FF-F859-4AD0-9356-3945EDEBE966}"
EndProject
Project("{2150E333-8FDC-42A3-9474-1A3956D46DE8}") = "02.2-Petle-Ref", "02.2-Petle-Ref", "{99AA861D-39B9-7AF6-B134-D22FF729623D}"
EndProject
Project("{FAE04EC0-301F-11D3-BF4B-00C04F79EFBC}") = "Konsolka_1", "02-Kontrola-Przeplywu\02.2-Petle-Ref\Konsolka_1\Konsolka_1.csproj", "{81D60A61-30F4-43BF-B91D-7DE8B6AFE832}"
EndProject
Project("{2150E333-8FDC-42A3-9474-1A3956D46DE8}") = "04-Metody-Funkcje", "04-Metody-Funkcje", "{D94A966B-D854-1119-D7AD-D05FCFEBCD2F}"
EndProject
Project("{2150E333-8FDC-42A3-9474-1A3956D46DE8}") = "04.0-Zajecia", "04.0-Zajecia", "{AC6DB801-4A89-6D57-F1E0-6D16E3325D3C}"
EndProject
Project("{FAE04EC0-301F-11D3-BF4B-00C04F79EFBC}") = "WarsztatSamochodowy", "04-Metody-Funkcje\04.0-Zajecia\WarsztatSamochodowy\WarsztatSamochodowy.csproj", "{C735CB7A-DA01-429C-92F5-DFAA96F82A6D}"
EndProject
Project("{FAE04EC0-301F-11D3-BF4B-00C04F79EFBC}") = "zajace1", "04-Metody-Funkcje\04.0-Zajecia\zajace1\zajace1.csproj", "{1C53D6C7-23D1-4E66-B989-67EE2AF8917E}"
EndProject
Project("{FAE04EC0-301F-11D3-BF4B-00C04F79EFBC}") = "zajecia1", "04-Metody-Funkcje\04.0-Zajecia\zajecia1\zajecia1.csproj", "{2C776313-6F6A-4B16-B705-E5AC4EC86A47}"
EndProject
Project("{FAE04EC0-301F-11D3-BF4B-00C04F79EFBC}") = "zajecia2", "04-Metody-Funkcje\04.0-Zajecia\zajecia2\zajecia2.csproj", "{489E04D8-2A3A-4BFC-B13B-F1FAE7F887DE}"
EndProject
Project("{2150E333-8FDC-42A3-9474-1A3956D46DE8}") = "04.0-Zajecia-2023", "04.0-Zajecia-2023", "{B9D763C3-9D58-9856-CBED-629E8E43DF74}"
EndProject
Project("{FAE04EC0-301F-11D3-BF4B-00C04F79EFBC}") = "AplikacjaPokazowa", "04-Metody-Funkcje\04.0-Zajecia-2023\AplikacjaPokazowa\AplikacjaPokazowa.csproj", "{5D3C2DA7-8B64-4E65-9EB3-AC488F66DF50}"
EndProject
Project("{FAE04EC0-301F-11D3-BF4B-00C04F79EFBC}") = "Biblioteka", "04-Metody-Funkcje\04.0-Zajecia-2023\Biblioteka\Biblioteka.csproj", "{71FA428C-FB69-4B69-9CCA-DDCE94F8879B}"
EndProject
Project("{FAE04EC0-301F-11D3-BF4B-00C04F79EFBC}") = "ConsoleApp1", "04-Metody-Funkcje\04.0-Zajecia-2023\ConsoleApp1\ConsoleApp1.csproj", "{4C30161D-5D52-4CE6-98A4-00FD97CB30ED}"
EndProject
Project("{FAE04EC0-301F-11D3-BF4B-00C04F79EFBC}") = "ConsoleApp2", "04-Metody-Funkcje\04.0-Zajecia-2023\ConsoleApp2\ConsoleApp2.csproj", "{AFEA0C76-DD23-4C2D-B451-B3F8E2A7715F}"
EndProject
Project("{FAE04EC0-301F-11D3-BF4B-00C04F79EFBC}") = "ConsoleApp3", "04-Metody-Funkcje\04.0-Zajecia-2023\ConsoleApp3\ConsoleApp3.csproj", "{CEB01AA5-FF9A-49C2-A685-9EF9FEEB2D14}"
EndProject
Project("{FAE04EC0-301F-11D3-BF4B-00C04F79EFBC}") = "ConsoleApp4", "04-Metody-Funkcje\04.0-Zajecia-2023\ConsoleApp4\ConsoleApp4.csproj", "{73F87AE6-B090-4D9B-BA30-1A8123DF0968}"
EndProject
Project("{FAE04EC0-301F-11D3-BF4B-00C04F79EFBC}") = "matematyka", "04-Metody-Funkcje\04.0-Zajecia-2023\matematyka\matematyka.csproj", "{F4C83352-A84F-4ED5-BF6C-59099EED23AB}"
EndProject
Project("{FAE04EC0-301F-11D3-BF4B-00C04F79EFBC}") = "MojaAplikacjaSobota", "04-Metody-Funkcje\04.0-Zajecia-2023\MojaAplikacjaSobota\MojaAplikacjaSobota.csproj", "{86C12243-AEC9-459B-93C6-9CB914752BCD}"
EndProject
Project("{FAE04EC0-301F-11D3-BF4B-00C04F79EFBC}") = "MojeFormy", "04-Metody-Funkcje\04.0-Zajecia-2023\MojeFormy\MojeFormy.csproj", "{DFBF2E5E-DA59-4FF0-B570-C28449BD3070}"
EndProject
Project("{FAE04EC0-301F-11D3-BF4B-00C04F79EFBC}") = "pierwszaAplikacja", "04-Metody-Funkcje\04.0-Zajecia-2023\pierwszaAplikacja\pierwszaAplikacja.csproj", "{596D5E02-F3CC-4D91-8033-D4E320DF2EAF}"
EndProject
Project("{FAE04EC0-301F-11D3-BF4B-00C04F79EFBC}") = "Startowa", "04-Metody-Funkcje\04.0-Zajecia-2023\Startowa\Startowa.csproj", "{CE18FE5D-90A3-4D3B-A78E-D95456033CDA}"
EndProject
Project("{FAE04EC0-301F-11D3-BF4B-00C04F79EFBC}") = "wsbsobota", "04-Metody-Funkcje\04.0-Zajecia-2023\wsbsobota\wsbsobota.csproj", "{F78B82F5-CDCF-4B45-969D-0935D96B024A}"
EndProject
Project("{FAE04EC0-301F-11D3-BF4B-00C04F79EFBC}") = "zajecia2", "04-Metody-Funkcje\04.0-Zajecia-2023\zajecia2\zajecia2.csproj", "{354CB06B-C25F-4B10-A782-26198B395191}"
EndProject
Project("{2150E333-8FDC-42A3-9474-1A3956D46DE8}") = "05-Programowanie-Obiektowe", "05-Programowanie-Obiektowe", "{4AA91B89-A138-4E6F-C660-CE83AFBFEAE4}"
EndProject
Project("{2150E333-8FDC-42A3-9474-1A3956D46DE8}") = "05.1-Klasy-Obiekty", "05.1-Klasy-Obiekty", "{9F55F127-6A24-FE1B-7263-7F2D38B91871}"
EndProject
Project("{FAE04EC0-301F-11D3-BF4B-00C04F79EFBC}") = "FormyPdstawy", "05-Programowanie-Obiektowe\05.1-Klasy-Obiekty\FormyPdstawy.csproj", "{B089E7C2-E873-4028-B58C-0B6B11C8E574}"
EndProject
Project("{2150E333-8FDC-42A3-9474-1A3956D46DE8}") = "05.1-Klasy-Obiekty-GUI", "05.1-Klasy-Obiekty-GUI", "{2882BA33-5689-EE49-B5E4-AFDEBE66C883}"
EndProject
Project("{FAE04EC0-301F-11D3-BF4B-00C04F79EFBC}") = "ZakladWin", "05-Programowanie-Obiektowe\05.1-Klasy-Obiekty-GUI\ZakladWin\ZakladWin.csproj", "{8E921C0D-3B1D-4831-AE43-285ED9FB153E}"
EndProject
Project("{2150E333-8FDC-42A3-9474-1A3956D46DE8}") = "06-Zaawansowane-Koncepty", "06-Zaawansowane-Koncepty", "{8CBD3172-C18F-CB4E-7A41-DBFC377A8F95}"
EndProject
Project("{2150E333-8FDC-42A3-9474-1A3956D46DE8}") = "06.X-Web-Blazor", "06.X-Web-Blazor", "{F6D4EBAD-2AF2-5191-3662-1DD94689CC83}"
EndProject
Project("{FAE04EC0-301F-11D3-BF4B-00C04F79EFBC}") = "BazaBlazor", "06-Zaawansowane-Koncepty\06.X-Web-Blazor\BazaBlazor\BazaBlazor.csproj", "{A7846189-F9D0-49F7-81CB-E05237DA5E03}"
EndProject
Project("{2150E333-8FDC-42A3-9474-1A3956D46DE8}") = "07-Obsługa-Bledow-i-IO", "07-Obsługa-Bledow-i-IO", "{39ACA1E3-B84C-4CDB-5B94-64ADA40D8678}"
EndProject
Project("{2150E333-8FDC-42A3-9474-1A3956D46DE8}") = "07.4-Serializacja", "07.4-Serializacja", "{74BE7EAC-B7D8-87E0-D6F4-FE1C8C4F80BA}"
EndProject
Project("{FAE04EC0-301F-11D3-BF4B-00C04F79EFBC}") = "Baza2", "07-Obsługa-Bledow-i-IO\07.4-Serializacja\Baza2\Baza2.csproj", "{F5A46255-9BCF-4DFE-BB9B-C32A4DBAF0DF}"
EndProject
Project("{2150E333-8FDC-42A3-9474-1A3956D46DE8}") = "08-Aplikacje-Praktyczne", "08-Aplikacje-Praktyczne", "{FD08C49C-8E71-448A-CC69-90E5F136F684}"
EndProject
Project("{2150E333-8FDC-42A3-9474-1A3956D46DE8}") = "Projekt-3-System-Zarzadzania", "Projekt-3-System-Zarzadzania", "{FF656777-B61C-D8A1-D30F-C11952DA954A}"
EndProject
Project("{FAE04EC0-301F-11D3-BF4B-00C04F79EFBC}") = "ZakladSamochodowy", "08-Aplikacje-Praktyczne\Projekt-3-System-Zarzadzania\ZakladSamochodowy\ZakladSamochodowy.csproj", "{0208AC7D-D6E1-456F-8918-2D03463A6BEA}"
EndProject
Project("{2150E333-8FDC-42A3-9474-1A3956D46DE8}") = "Projekt-3-System-Zarzadzania-v2", "Projekt-3-System-Zarzadzania-v2", "{579CA5D7-D920-18C8-FE9B-8A0D4B1AD94D}"
EndProject
Project("{FAE04EC0-301F-11D3-BF4B-00C04F79EFBC}") = "ZakladSamochodowy", "08-Aplikacje-Praktyczne\Projekt-3-System-Zarzadzania-v2\ZakladSamochodowy.csproj", "{BF79D0D6-5E16-4652-BE02-906288E4B256}"
EndProject
Project("{2150E333-8FDC-42A3-9474-1A3956D46DE8}") = "Projekt-4-Aplikacja-Biznesowa", "Projekt-4-Aplikacja-Biznesowa", "{A105EB45-FA29-268C-2AA3-303437A35839}"
EndProject
Project("{FAE04EC0-301F-11D3-BF4B-00C04F79EFBC}") = "WindowsFormsApp8", "08-Aplikacje-Praktyczne\Projekt-4-Aplikacja-Biznesowa\WindowsFormsApp8\WindowsFormsApp8.csproj", "{B0D652C1-F478-4875-A74B-79C821DE5A54}"
EndProject
Global
	GlobalSection(SolutionConfigurationPlatforms) = preSolution
		Debug|Any CPU = Debug|Any CPU
		Debug|x64 = Debug|x64
		Debug|x86 = Debug|x86
		Release|Any CPU = Release|Any CPU
		Release|x64 = Release|x64
		Release|x86 = Release|x86
	EndGlobalSection
	GlobalSection(ProjectConfigurationPlatforms) = postSolution
		{4222B15A-75F9-4B64-9A2D-0E43E7BAE2BC}.Debug|Any CPU.ActiveCfg = Debug|Any CPU
		{4222B15A-75F9-4B64-9A2D-0E43E7BAE2BC}.Debug|Any CPU.Build.0 = Debug|Any CPU
		{4222B15A-75F9-4B64-9A2D-0E43E7BAE2BC}.Debug|x64.ActiveCfg = Debug|Any CPU
		{4222B15A-75F9-4B64-9A2D-0E43E7BAE2BC}.Debug|x64.Build.0 = Debug|Any CPU
		{4222B15A-75F9-4B64-9A2D-0E43E7BAE2BC}.Debug|x86.ActiveCfg = Debug|Any CPU
		{4222B15A-75F9-4B64-9A2D-0E43E7BAE2BC}.Debug|x86.Build.0 = Debug|Any CPU
		{4222B15A-75F9-4B64-9A2D-0E43E7BAE2BC}.Release|Any CPU.ActiveCfg = Release|Any CPU
		{4222B15A-75F9-4B64-9A2D-0E43E7BAE2BC}.Release|Any CPU.Build.0 = Release|Any CPU
		{4222B15A-75F9-4B64-9A2D-0E43E7BAE2BC}.Release|x64.ActiveCfg = Release|Any CPU
		{4222B15A-75F9-4B64-9A2D-0E43E7BAE2BC}.Release|x64.Build.0 = Release|Any CPU
		{4222B15A-75F9-4B64-9A2D-0E43E7BAE2BC}.Release|x86.ActiveCfg = Release|Any CPU
		{4222B15A-75F9-4B64-9A2D-0E43E7BAE2BC}.Release|x86.Build.0 = Release|Any CPU
		{C7D4C2EC-D4DC-408A-97DE-7B6B82B72D7F}.Debug|Any CPU.ActiveCfg = Debug|Any CPU
		{C7D4C2EC-D4DC-408A-97DE-7B6B82B72D7F}.Debug|Any CPU.Build.0 = Debug|Any CPU
		{C7D4C2EC-D4DC-408A-97DE-7B6B82B72D7F}.Debug|x64.ActiveCfg = Debug|Any CPU
		{C7D4C2EC-D4DC-408A-97DE-7B6B82B72D7F}.Debug|x64.Build.0 = Debug|Any CPU
		{C7D4C2EC-D4DC-408A-97DE-7B6B82B72D7F}.Debug|x86.ActiveCfg = Debug|Any CPU
		{C7D4C2EC-D4DC-408A-97DE-7B6B82B72D7F}.Debug|x86.Build.0 = Debug|Any CPU
		{C7D4C2EC-D4DC-408A-97DE-7B6B82B72D7F}.Release|Any CPU.ActiveCfg = Release|Any CPU
		{C7D4C2EC-D4DC-408A-97DE-7B6B82B72D7F}.Release|Any CPU.Build.0 = Release|Any CPU
		{C7D4C2EC-D4DC-408A-97DE-7B6B82B72D7F}.Release|x64.ActiveCfg = Release|Any CPU
		{C7D4C2EC-D4DC-408A-97DE-7B6B82B72D7F}.Release|x64.Build.0 = Release|Any CPU
		{C7D4C2EC-D4DC-408A-97DE-7B6B82B72D7F}.Release|x86.ActiveCfg = Release|Any CPU
		{C7D4C2EC-D4DC-408A-97DE-7B6B82B72D7F}.Release|x86.Build.0 = Release|Any CPU
		{F132B0DB-3B39-4767-96FD-E9C08A9CDD7F}.Debug|Any CPU.ActiveCfg = Debug|Any CPU
		{F132B0DB-3B39-4767-96FD-E9C08A9CDD7F}.Debug|Any CPU.Build.0 = Debug|Any CPU
		{F132B0DB-3B39-4767-96FD-E9C08A9CDD7F}.Debug|x64.ActiveCfg = Debug|Any CPU
		{F132B0DB-3B39-4767-96FD-E9C08A9CDD7F}.Debug|x64.Build.0 = Debug|Any CPU
		{F132B0DB-3B39-4767-96FD-E9C08A9CDD7F}.Debug|x86.ActiveCfg = Debug|Any CPU
		{F132B0DB-3B39-4767-96FD-E9C08A9CDD7F}.Debug|x86.Build.0 = Debug|Any CPU
		{F132B0DB-3B39-4767-96FD-E9C08A9CDD7F}.Release|Any CPU.ActiveCfg = Release|Any CPU
		{F132B0DB-3B39-4767-96FD-E9C08A9CDD7F}.Release|Any CPU.Build.0 = Release|Any CPU
		{F132B0DB-3B39-4767-96FD-E9C08A9CDD7F}.Release|x64.ActiveCfg = Release|Any CPU
		{F132B0DB-3B39-4767-96FD-E9C08A9CDD7F}.Release|x64.Build.0 = Release|Any CPU
		{F132B0DB-3B39-4767-96FD-E9C08A9CDD7F}.Release|x86.ActiveCfg = Release|Any CPU
		{F132B0DB-3B39-4767-96FD-E9C08A9CDD7F}.Release|x86.Build.0 = Release|Any CPU
		{DF478D3B-196F-4FFD-8BA0-07221E0075DB}.Debug|Any CPU.ActiveCfg = Debug|Any CPU
		{DF478D3B-196F-4FFD-8BA0-07221E0075DB}.Debug|Any CPU.Build.0 = Debug|Any CPU
		{DF478D3B-196F-4FFD-8BA0-07221E0075DB}.Debug|x64.ActiveCfg = Debug|Any CPU
		{DF478D3B-196F-4FFD-8BA0-07221E0075DB}.Debug|x64.Build.0 = Debug|Any CPU
		{DF478D3B-196F-4FFD-8BA0-07221E0075DB}.Debug|x86.ActiveCfg = Debug|Any CPU
		{DF478D3B-196F-4FFD-8BA0-07221E0075DB}.Debug|x86.Build.0 = Debug|Any CPU
		{DF478D3B-196F-4FFD-8BA0-07221E0075DB}.Release|Any CPU.ActiveCfg = Release|Any CPU
		{DF478D3B-196F-4FFD-8BA0-07221E0075DB}.Release|Any CPU.Build.0 = Release|Any CPU
		{DF478D3B-196F-4FFD-8BA0-07221E0075DB}.Release|x64.ActiveCfg = Release|Any CPU
		{DF478D3B-196F-4FFD-8BA0-07221E0075DB}.Release|x64.Build.0 = Release|Any CPU
		{DF478D3B-196F-4FFD-8BA0-07221E0075DB}.Release|x86.ActiveCfg = Release|Any CPU
		{DF478D3B-196F-4FFD-8BA0-07221E0075DB}.Release|x86.Build.0 = Release|Any CPU
		{E439149B-C18E-42DC-8A1E-A1725A3EDE6E}.Debug|Any CPU.ActiveCfg = Debug|Any CPU
		{E439149B-C18E-42DC-8A1E-A1725A3EDE6E}.Debug|Any CPU.Build.0 = Debug|Any CPU
		{E439149B-C18E-42DC-8A1E-A1725A3EDE6E}.Debug|x64.ActiveCfg = Debug|Any CPU
		{E439149B-C18E-42DC-8A1E-A1725A3EDE6E}.Debug|x64.Build.0 = Debug|Any CPU
		{E439149B-C18E-42DC-8A1E-A1725A3EDE6E}.Debug|x86.ActiveCfg = Debug|Any CPU
		{E439149B-C18E-42DC-8A1E-A1725A3EDE6E}.Debug|x86.Build.0 = Debug|Any CPU
		{E439149B-C18E-42DC-8A1E-A1725A3EDE6E}.Release|Any CPU.ActiveCfg = Release|Any CPU
		{E439149B-C18E-42DC-8A1E-A1725A3EDE6E}.Release|Any CPU.Build.0 = Release|Any CPU
		{E439149B-C18E-42DC-8A1E-A1725A3EDE6E}.Release|x64.ActiveCfg = Release|Any CPU
		{E439149B-C18E-42DC-8A1E-A1725A3EDE6E}.Release|x64.Build.0 = Release|Any CPU
		{E439149B-C18E-42DC-8A1E-A1725A3EDE6E}.Release|x86.ActiveCfg = Release|Any CPU
		{E439149B-C18E-42DC-8A1E-A1725A3EDE6E}.Release|x86.Build.0 = Release|Any CPU
		{7A13DEC8-8655-45A5-AAB5-4ECC11BAE11D}.Debug|Any CPU.ActiveCfg = Debug|Any CPU
		{7A13DEC8-8655-45A5-AAB5-4ECC11BAE11D}.Debug|Any CPU.Build.0 = Debug|Any CPU
		{7A13DEC8-8655-45A5-AAB5-4ECC11BAE11D}.Debug|x64.ActiveCfg = Debug|Any CPU
		{7A13DEC8-8655-45A5-AAB5-4ECC11BAE11D}.Debug|x64.Build.0 = Debug|Any CPU
		{7A13DEC8-8655-45A5-AAB5-4ECC11BAE11D}.Debug|x86.ActiveCfg = Debug|Any CPU
		{7A13DEC8-8655-45A5-AAB5-4ECC11BAE11D}.Debug|x86.Build.0 = Debug|Any CPU
		{7A13DEC8-8655-45A5-AAB5-4ECC11BAE11D}.Release|Any CPU.ActiveCfg = Release|Any CPU
		{7A13DEC8-8655-45A5-AAB5-4ECC11BAE11D}.Release|Any CPU.Build.0 = Release|Any CPU
		{7A13DEC8-8655-45A5-AAB5-4ECC11BAE11D}.Release|x64.ActiveCfg = Release|Any CPU
		{7A13DEC8-8655-45A5-AAB5-4ECC11BAE11D}.Release|x64.Build.0 = Release|Any CPU
		{7A13DEC8-8655-45A5-AAB5-4ECC11BAE11D}.Release|x86.ActiveCfg = Release|Any CPU
		{7A13DEC8-8655-45A5-AAB5-4ECC11BAE11D}.Release|x86.Build.0 = Release|Any CPU
		{5AB048A0-7C73-41A0-9751-408301C8CA23}.Debug|Any CPU.ActiveCfg = Debug|Any CPU
		{5AB048A0-7C73-41A0-9751-408301C8CA23}.Debug|Any CPU.Build.0 = Debug|Any CPU
		{5AB048A0-7C73-41A0-9751-408301C8CA23}.Debug|x64.ActiveCfg = Debug|Any CPU
		{5AB048A0-7C73-41A0-9751-408301C8CA23}.Debug|x64.Build.0 = Debug|Any CPU
		{5AB048A0-7C73-41A0-9751-408301C8CA23}.Debug|x86.ActiveCfg = Debug|Any CPU
		{5AB048A0-7C73-41A0-9751-408301C8CA23}.Debug|x86.Build.0 = Debug|Any CPU
		{5AB048A0-7C73-41A0-9751-408301C8CA23}.Release|Any CPU.ActiveCfg = Release|Any CPU
		{5AB048A0-7C73-41A0-9751-408301C8CA23}.Release|Any CPU.Build.0 = Release|Any CPU
		{5AB048A0-7C73-41A0-9751-408301C8CA23}.Release|x64.ActiveCfg = Release|Any CPU
		{5AB048A0-7C73-41A0-9751-408301C8CA23}.Release|x64.Build.0 = Release|Any CPU
		{5AB048A0-7C73-41A0-9751-408301C8CA23}.Release|x86.ActiveCfg = Release|Any CPU
		{5AB048A0-7C73-41A0-9751-408301C8CA23}.Release|x86.Build.0 = Release|Any CPU
		{90170C28-94F1-4FFB-BACE-8B4AFA3CC1B5}.Debug|Any CPU.ActiveCfg = Debug|Any CPU
		{90170C28-94F1-4FFB-BACE-8B4AFA3CC1B5}.Debug|Any CPU.Build.0 = Debug|Any CPU
		{90170C28-94F1-4FFB-BACE-8B4AFA3CC1B5}.Debug|x64.ActiveCfg = Debug|Any CPU
		{90170C28-94F1-4FFB-BACE-8B4AFA3CC1B5}.Debug|x64.Build.0 = Debug|Any CPU
		{90170C28-94F1-4FFB-BACE-8B4AFA3CC1B5}.Debug|x86.ActiveCfg = Debug|Any CPU
		{90170C28-94F1-4FFB-BACE-8B4AFA3CC1B5}.Debug|x86.Build.0 = Debug|Any CPU
		{90170C28-94F1-4FFB-BACE-8B4AFA3CC1B5}.Release|Any CPU.ActiveCfg = Release|Any CPU
		{90170C28-94F1-4FFB-BACE-8B4AFA3CC1B5}.Release|Any CPU.Build.0 = Release|Any CPU
		{90170C28-94F1-4FFB-BACE-8B4AFA3CC1B5}.Release|x64.ActiveCfg = Release|Any CPU
		{90170C28-94F1-4FFB-BACE-8B4AFA3CC1B5}.Release|x64.Build.0 = Release|Any CPU
		{90170C28-94F1-4FFB-BACE-8B4AFA3CC1B5}.Release|x86.ActiveCfg = Release|Any CPU
		{90170C28-94F1-4FFB-BACE-8B4AFA3CC1B5}.Release|x86.Build.0 = Release|Any CPU
		{3FDF8EAB-F4D9-4283-9F0B-0CF8898613AF}.Debug|Any CPU.ActiveCfg = Debug|Any CPU
		{3FDF8EAB-F4D9-4283-9F0B-0CF8898613AF}.Debug|Any CPU.Build.0 = Debug|Any CPU
		{3FDF8EAB-F4D9-4283-9F0B-0CF8898613AF}.Debug|x64.ActiveCfg = Debug|Any CPU
		{3FDF8EAB-F4D9-4283-9F0B-0CF8898613AF}.Debug|x64.Build.0 = Debug|Any CPU
		{3FDF8EAB-F4D9-4283-9F0B-0CF8898613AF}.Debug|x86.ActiveCfg = Debug|Any CPU
		{3FDF8EAB-F4D9-4283-9F0B-0CF8898613AF}.Debug|x86.Build.0 = Debug|Any CPU
		{3FDF8EAB-F4D9-4283-9F0B-0CF8898613AF}.Release|Any CPU.ActiveCfg = Release|Any CPU
		{3FDF8EAB-F4D9-4283-9F0B-0CF8898613AF}.Release|Any CPU.Build.0 = Release|Any CPU
		{3FDF8EAB-F4D9-4283-9F0B-0CF8898613AF}.Release|x64.ActiveCfg = Release|Any CPU
		{3FDF8EAB-F4D9-4283-9F0B-0CF8898613AF}.Release|x64.Build.0 = Release|Any CPU
		{3FDF8EAB-F4D9-4283-9F0B-0CF8898613AF}.Release|x86.ActiveCfg = Release|Any CPU
		{3FDF8EAB-F4D9-4283-9F0B-0CF8898613AF}.Release|x86.Build.0 = Release|Any CPU
		{693034FF-F859-4AD0-9356-3945EDEBE966}.Debug|Any CPU.ActiveCfg = Debug|Any CPU
		{693034FF-F859-4AD0-9356-3945EDEBE966}.Debug|Any CPU.Build.0 = Debug|Any CPU
		{693034FF-F859-4AD0-9356-3945EDEBE966}.Debug|x64.ActiveCfg = Debug|Any CPU
		{693034FF-F859-4AD0-9356-3945EDEBE966}.Debug|x64.Build.0 = Debug|Any CPU
		{693034FF-F859-4AD0-9356-3945EDEBE966}.Debug|x86.ActiveCfg = Debug|Any CPU
		{693034FF-F859-4AD0-9356-3945EDEBE966}.Debug|x86.Build.0 = Debug|Any CPU
		{693034FF-F859-4AD0-9356-3945EDEBE966}.Release|Any CPU.ActiveCfg = Release|Any CPU
		{693034FF-F859-4AD0-9356-3945EDEBE966}.Release|Any CPU.Build.0 = Release|Any CPU
		{693034FF-F859-4AD0-9356-3945EDEBE966}.Release|x64.ActiveCfg = Release|Any CPU
		{693034FF-F859-4AD0-9356-3945EDEBE966}.Release|x64.Build.0 = Release|Any CPU
		{693034FF-F859-4AD0-9356-3945EDEBE966}.Release|x86.ActiveCfg = Release|Any CPU
		{693034FF-F859-4AD0-9356-3945EDEBE966}.Release|x86.Build.0 = Release|Any CPU
		{81D60A61-30F4-43BF-B91D-7DE8B6AFE832}.Debug|Any CPU.ActiveCfg = Debug|Any CPU
		{81D60A61-30F4-43BF-B91D-7DE8B6AFE832}.Debug|Any CPU.Build.0 = Debug|Any CPU
		{81D60A61-30F4-43BF-B91D-7DE8B6AFE832}.Debug|x64.ActiveCfg = Debug|Any CPU
		{81D60A61-30F4-43BF-B91D-7DE8B6AFE832}.Debug|x64.Build.0 = Debug|Any CPU
		{81D60A61-30F4-43BF-B91D-7DE8B6AFE832}.Debug|x86.ActiveCfg = Debug|Any CPU
		{81D60A61-30F4-43BF-B91D-7DE8B6AFE832}.Debug|x86.Build.0 = Debug|Any CPU
		{81D60A61-30F4-43BF-B91D-7DE8B6AFE832}.Release|Any CPU.ActiveCfg = Release|Any CPU
		{81D60A61-30F4-43BF-B91D-7DE8B6AFE832}.Release|Any CPU.Build.0 = Release|Any CPU
		{81D60A61-30F4-43BF-B91D-7DE8B6AFE832}.Release|x64.ActiveCfg = Release|Any CPU
		{81D60A61-30F4-43BF-B91D-7DE8B6AFE832}.Release|x64.Build.0 = Release|Any CPU
		{81D60A61-30F4-43BF-B91D-7DE8B6AFE832}.Release|x86.ActiveCfg = Release|Any CPU
		{81D60A61-30F4-43BF-B91D-7DE8B6AFE832}.Release|x86.Build.0 = Release|Any CPU
		{C735CB7A-DA01-429C-92F5-DFAA96F82A6D}.Debug|Any CPU.ActiveCfg = Debug|Any CPU
		{C735CB7A-DA01-429C-92F5-DFAA96F82A6D}.Debug|Any CPU.Build.0 = Debug|Any CPU
		{C735CB7A-DA01-429C-92F5-DFAA96F82A6D}.Debug|x64.ActiveCfg = Debug|Any CPU
		{C735CB7A-DA01-429C-92F5-DFAA96F82A6D}.Debug|x64.Build.0 = Debug|Any CPU
		{C735CB7A-DA01-429C-92F5-DFAA96F82A6D}.Debug|x86.ActiveCfg = Debug|Any CPU
		{C735CB7A-DA01-429C-92F5-DFAA96F82A6D}.Debug|x86.Build.0 = Debug|Any CPU
		{C735CB7A-DA01-429C-92F5-DFAA96F82A6D}.Release|Any CPU.ActiveCfg = Release|Any CPU
		{C735CB7A-DA01-429C-92F5-DFAA96F82A6D}.Release|Any CPU.Build.0 = Release|Any CPU
		{C735CB7A-DA01-429C-92F5-DFAA96F82A6D}.Release|x64.ActiveCfg = Release|Any CPU
		{C735CB7A-DA01-429C-92F5-DFAA96F82A6D}.Release|x64.Build.0 = Release|Any CPU
		{C735CB7A-DA01-429C-92F5-DFAA96F82A6D}.Release|x86.ActiveCfg = Release|Any CPU
		{C735CB7A-DA01-429C-92F5-DFAA96F82A6D}.Release|x86.Build.0 = Release|Any CPU
		{1C53D6C7-23D1-4E66-B989-67EE2AF8917E}.Debug|Any CPU.ActiveCfg = Debug|Any CPU
		{1C53D6C7-23D1-4E66-B989-67EE2AF8917E}.Debug|Any CPU.Build.0 = Debug|Any CPU
		{1C53D6C7-23D1-4E66-B989-67EE2AF8917E}.Debug|x64.ActiveCfg = Debug|Any CPU
		{1C53D6C7-23D1-4E66-B989-67EE2AF8917E}.Debug|x64.Build.0 = Debug|Any CPU
		{1C53D6C7-23D1-4E66-B989-67EE2AF8917E}.Debug|x86.ActiveCfg = Debug|Any CPU
		{1C53D6C7-23D1-4E66-B989-67EE2AF8917E}.Debug|x86.Build.0 = Debug|Any CPU
		{1C53D6C7-23D1-4E66-B989-67EE2AF8917E}.Release|Any CPU.ActiveCfg = Release|Any CPU
		{1C53D6C7-23D1-4E66-B989-67EE2AF8917E}.Release|Any CPU.Build.0 = Release|Any CPU
		{1C53D6C7-23D1-4E66-B989-67EE2AF8917E}.Release|x64.ActiveCfg = Release|Any CPU
		{1C53D6C7-23D1-4E66-B989-67EE2AF8917E}.Release|x64.Build.0 = Release|Any CPU
		{1C53D6C7-23D1-4E66-B989-67EE2AF8917E}.Release|x86.ActiveCfg = Release|Any CPU
		{1C53D6C7-23D1-4E66-B989-67EE2AF8917E}.Release|x86.Build.0 = Release|Any CPU
		{2C776313-6F6A-4B16-B705-E5AC4EC86A47}.Debug|Any CPU.ActiveCfg = Debug|Any CPU
		{2C776313-6F6A-4B16-B705-E5AC4EC86A47}.Debug|Any CPU.Build.0 = Debug|Any CPU
		{2C776313-6F6A-4B16-B705-E5AC4EC86A47}.Debug|x64.ActiveCfg = Debug|Any CPU
		{2C776313-6F6A-4B16-B705-E5AC4EC86A47}.Debug|x64.Build.0 = Debug|Any CPU
		{2C776313-6F6A-4B16-B705-E5AC4EC86A47}.Debug|x86.ActiveCfg = Debug|Any CPU
		{2C776313-6F6A-4B16-B705-E5AC4EC86A47}.Debug|x86.Build.0 = Debug|Any CPU
		{2C776313-6F6A-4B16-B705-E5AC4EC86A47}.Release|Any CPU.ActiveCfg = Release|Any CPU
		{2C776313-6F6A-4B16-B705-E5AC4EC86A47}.Release|Any CPU.Build.0 = Release|Any CPU
		{2C776313-6F6A-4B16-B705-E5AC4EC86A47}.Release|x64.ActiveCfg = Release|Any CPU
		{2C776313-6F6A-4B16-B705-E5AC4EC86A47}.Release|x64.Build.0 = Release|Any CPU
		{2C776313-6F6A-4B16-B705-E5AC4EC86A47}.Release|x86.ActiveCfg = Release|Any CPU
		{2C776313-6F6A-4B16-B705-E5AC4EC86A47}.Release|x86.Build.0 = Release|Any CPU
		{489E04D8-2A3A-4BFC-B13B-F1FAE7F887DE}.Debug|Any CPU.ActiveCfg = Debug|Any CPU
		{489E04D8-2A3A-4BFC-B13B-F1FAE7F887DE}.Debug|Any CPU.Build.0 = Debug|Any CPU
		{489E04D8-2A3A-4BFC-B13B-F1FAE7F887DE}.Debug|x64.ActiveCfg = Debug|Any CPU
		{489E04D8-2A3A-4BFC-B13B-F1FAE7F887DE}.Debug|x64.Build.0 = Debug|Any CPU
		{489E04D8-2A3A-4BFC-B13B-F1FAE7F887DE}.Debug|x86.ActiveCfg = Debug|Any CPU
		{489E04D8-2A3A-4BFC-B13B-F1FAE7F887DE}.Debug|x86.Build.0 = Debug|Any CPU
		{489E04D8-2A3A-4BFC-B13B-F1FAE7F887DE}.Release|Any CPU.ActiveCfg = Release|Any CPU
		{489E04D8-2A3A-4BFC-B13B-F1FAE7F887DE}.Release|Any CPU.Build.0 = Release|Any CPU
		{489E04D8-2A3A-4BFC-B13B-F1FAE7F887DE}.Release|x64.ActiveCfg = Release|Any CPU
		{489E04D8-2A3A-4BFC-B13B-F1FAE7F887DE}.Release|x64.Build.0 = Release|Any CPU
		{489E04D8-2A3A-4BFC-B13B-F1FAE7F887DE}.Release|x86.ActiveCfg = Release|Any CPU
		{489E04D8-2A3A-4BFC-B13B-F1FAE7F887DE}.Release|x86.Build.0 = Release|Any CPU
		{5D3C2DA7-8B64-4E65-9EB3-AC488F66DF50}.Debug|Any CPU.ActiveCfg = Debug|Any CPU
		{5D3C2DA7-8B64-4E65-9EB3-AC488F66DF50}.Debug|Any CPU.Build.0 = Debug|Any CPU
		{5D3C2DA7-8B64-4E65-9EB3-AC488F66DF50}.Debug|x64.ActiveCfg = Debug|Any CPU
		{5D3C2DA7-8B64-4E65-9EB3-AC488F66DF50}.Debug|x64.Build.0 = Debug|Any CPU
		{5D3C2DA7-8B64-4E65-9EB3-AC488F66DF50}.Debug|x86.ActiveCfg = Debug|Any CPU
		{5D3C2DA7-8B64-4E65-9EB3-AC488F66DF50}.Debug|x86.Build.0 = Debug|Any CPU
		{5D3C2DA7-8B64-4E65-9EB3-AC488F66DF50}.Release|Any CPU.ActiveCfg = Release|Any CPU
		{5D3C2DA7-8B64-4E65-9EB3-AC488F66DF50}.Release|Any CPU.Build.0 = Release|Any CPU
		{5D3C2DA7-8B64-4E65-9EB3-AC488F66DF50}.Release|x64.ActiveCfg = Release|Any CPU
		{5D3C2DA7-8B64-4E65-9EB3-AC488F66DF50}.Release|x64.Build.0 = Release|Any CPU
		{5D3C2DA7-8B64-4E65-9EB3-AC488F66DF50}.Release|x86.ActiveCfg = Release|Any CPU
		{5D3C2DA7-8B64-4E65-9EB3-AC488F66DF50}.Release|x86.Build.0 = Release|Any CPU
		{71FA428C-FB69-4B69-9CCA-DDCE94F8879B}.Debug|Any CPU.ActiveCfg = Debug|Any CPU
		{71FA428C-FB69-4B69-9CCA-DDCE94F8879B}.Debug|Any CPU.Build.0 = Debug|Any CPU
		{71FA428C-FB69-4B69-9CCA-DDCE94F8879B}.Debug|x64.ActiveCfg = Debug|Any CPU
		{71FA428C-FB69-4B69-9CCA-DDCE94F8879B}.Debug|x64.Build.0 = Debug|Any CPU
		{71FA428C-FB69-4B69-9CCA-DDCE94F8879B}.Debug|x86.ActiveCfg = Debug|Any CPU
		{71FA428C-FB69-4B69-9CCA-DDCE94F8879B}.Debug|x86.Build.0 = Debug|Any CPU
		{71FA428C-FB69-4B69-9CCA-DDCE94F8879B}.Release|Any CPU.ActiveCfg = Release|Any CPU
		{71FA428C-FB69-4B69-9CCA-DDCE94F8879B}.Release|Any CPU.Build.0 = Release|Any CPU
		{71FA428C-FB69-4B69-9CCA-DDCE94F8879B}.Release|x64.ActiveCfg = Release|Any CPU
		{71FA428C-FB69-4B69-9CCA-DDCE94F8879B}.Release|x64.Build.0 = Release|Any CPU
		{71FA428C-FB69-4B69-9CCA-DDCE94F8879B}.Release|x86.ActiveCfg = Release|Any CPU
		{71FA428C-FB69-4B69-9CCA-DDCE94F8879B}.Release|x86.Build.0 = Release|Any CPU
		{4C30161D-5D52-4CE6-98A4-00FD97CB30ED}.Debug|Any CPU.ActiveCfg = Debug|Any CPU
		{4C30161D-5D52-4CE6-98A4-00FD97CB30ED}.Debug|Any CPU.Build.0 = Debug|Any CPU
		{4C30161D-5D52-4CE6-98A4-00FD97CB30ED}.Debug|x64.ActiveCfg = Debug|Any CPU
		{4C30161D-5D52-4CE6-98A4-00FD97CB30ED}.Debug|x64.Build.0 = Debug|Any CPU
		{4C30161D-5D52-4CE6-98A4-00FD97CB30ED}.Debug|x86.ActiveCfg = Debug|Any CPU
		{4C30161D-5D52-4CE6-98A4-00FD97CB30ED}.Debug|x86.Build.0 = Debug|Any CPU
		{4C30161D-5D52-4CE6-98A4-00FD97CB30ED}.Release|Any CPU.ActiveCfg = Release|Any CPU
		{4C30161D-5D52-4CE6-98A4-00FD97CB30ED}.Release|Any CPU.Build.0 = Release|Any CPU
		{4C30161D-5D52-4CE6-98A4-00FD97CB30ED}.Release|x64.ActiveCfg = Release|Any CPU
		{4C30161D-5D52-4CE6-98A4-00FD97CB30ED}.Release|x64.Build.0 = Release|Any CPU
		{4C30161D-5D52-4CE6-98A4-00FD97CB30ED}.Release|x86.ActiveCfg = Release|Any CPU
		{4C30161D-5D52-4CE6-98A4-00FD97CB30ED}.Release|x86.Build.0 = Release|Any CPU
		{AFEA0C76-DD23-4C2D-B451-B3F8E2A7715F}.Debug|Any CPU.ActiveCfg = Debug|Any CPU
		{AFEA0C76-DD23-4C2D-B451-B3F8E2A7715F}.Debug|Any CPU.Build.0 = Debug|Any CPU
		{AFEA0C76-DD23-4C2D-B451-B3F8E2A7715F}.Debug|x64.ActiveCfg = Debug|Any CPU
		{AFEA0C76-DD23-4C2D-B451-B3F8E2A7715F}.Debug|x64.Build.0 = Debug|Any CPU
		{AFEA0C76-DD23-4C2D-B451-B3F8E2A7715F}.Debug|x86.ActiveCfg = Debug|Any CPU
		{AFEA0C76-DD23-4C2D-B451-B3F8E2A7715F}.Debug|x86.Build.0 = Debug|Any CPU
		{AFEA0C76-DD23-4C2D-B451-B3F8E2A7715F}.Release|Any CPU.ActiveCfg = Release|Any CPU
		{AFEA0C76-DD23-4C2D-B451-B3F8E2A7715F}.Release|Any CPU.Build.0 = Release|Any CPU
		{AFEA0C76-DD23-4C2D-B451-B3F8E2A7715F}.Release|x64.ActiveCfg = Release|Any CPU
		{AFEA0C76-DD23-4C2D-B451-B3F8E2A7715F}.Release|x64.Build.0 = Release|Any CPU
		{AFEA0C76-DD23-4C2D-B451-B3F8E2A7715F}.Release|x86.ActiveCfg = Release|Any CPU
		{AFEA0C76-DD23-4C2D-B451-B3F8E2A7715F}.Release|x86.Build.0 = Release|Any CPU
		{CEB01AA5-FF9A-49C2-A685-9EF9FEEB2D14}.Debug|Any CPU.ActiveCfg = Debug|Any CPU
		{CEB01AA5-FF9A-49C2-A685-9EF9FEEB2D14}.Debug|Any CPU.Build.0 = Debug|Any CPU
		{CEB01AA5-FF9A-49C2-A685-9EF9FEEB2D14}.Debug|x64.ActiveCfg = Debug|Any CPU
		{CEB01AA5-FF9A-49C2-A685-9EF9FEEB2D14}.Debug|x64.Build.0 = Debug|Any CPU
		{CEB01AA5-FF9A-49C2-A685-9EF9FEEB2D14}.Debug|x86.ActiveCfg = Debug|Any CPU
		{CEB01AA5-FF9A-49C2-A685-9EF9FEEB2D14}.Debug|x86.Build.0 = Debug|Any CPU
		{CEB01AA5-FF9A-49C2-A685-9EF9FEEB2D14}.Release|Any CPU.ActiveCfg = Release|Any CPU
		{CEB01AA5-FF9A-49C2-A685-9EF9FEEB2D14}.Release|Any CPU.Build.0 = Release|Any CPU
		{CEB01AA5-FF9A-49C2-A685-9EF9FEEB2D14}.Release|x64.ActiveCfg = Release|Any CPU
		{CEB01AA5-FF9A-49C2-A685-9EF9FEEB2D14}.Release|x64.Build.0 = Release|Any CPU
		{CEB01AA5-FF9A-49C2-A685-9EF9FEEB2D14}.Release|x86.ActiveCfg = Release|Any CPU
		{CEB01AA5-FF9A-49C2-A685-9EF9FEEB2D14}.Release|x86.Build.0 = Release|Any CPU
		{73F87AE6-B090-4D9B-BA30-1A8123DF0968}.Debug|Any CPU.ActiveCfg = Debug|Any CPU
		{73F87AE6-B090-4D9B-BA30-1A8123DF0968}.Debug|Any CPU.Build.0 = Debug|Any CPU
		{73F87AE6-B090-4D9B-BA30-1A8123DF0968}.Debug|x64.ActiveCfg = Debug|Any CPU
		{73F87AE6-B090-4D9B-BA30-1A8123DF0968}.Debug|x64.Build.0 = Debug|Any CPU
		{73F87AE6-B090-4D9B-BA30-1A8123DF0968}.Debug|x86.ActiveCfg = Debug|Any CPU
		{73F87AE6-B090-4D9B-BA30-1A8123DF0968}.Debug|x86.Build.0 = Debug|Any CPU
		{73F87AE6-B090-4D9B-BA30-1A8123DF0968}.Release|Any CPU.ActiveCfg = Release|Any CPU
		{73F87AE6-B090-4D9B-BA30-1A8123DF0968}.Release|Any CPU.Build.0 = Release|Any CPU
		{73F87AE6-B090-4D9B-BA30-1A8123DF0968}.Release|x64.ActiveCfg = Release|Any CPU
		{73F87AE6-B090-4D9B-BA30-1A8123DF0968}.Release|x64.Build.0 = Release|Any CPU
		{73F87AE6-B090-4D9B-BA30-1A8123DF0968}.Release|x86.ActiveCfg = Release|Any CPU
		{73F87AE6-B090-4D9B-BA30-1A8123DF0968}.Release|x86.Build.0 = Release|Any CPU
		{F4C83352-A84F-4ED5-BF6C-59099EED23AB}.Debug|Any CPU.ActiveCfg = Debug|Any CPU
		{F4C83352-A84F-4ED5-BF6C-59099EED23AB}.Debug|Any CPU.Build.0 = Debug|Any CPU
		{F4C83352-A84F-4ED5-BF6C-59099EED23AB}.Debug|x64.ActiveCfg = Debug|Any CPU
		{F4C83352-A84F-4ED5-BF6C-59099EED23AB}.Debug|x64.Build.0 = Debug|Any CPU
		{F4C83352-A84F-4ED5-BF6C-59099EED23AB}.Debug|x86.ActiveCfg = Debug|Any CPU
		{F4C83352-A84F-4ED5-BF6C-59099EED23AB}.Debug|x86.Build.0 = Debug|Any CPU
		{F4C83352-A84F-4ED5-BF6C-59099EED23AB}.Release|Any CPU.ActiveCfg = Release|Any CPU
		{F4C83352-A84F-4ED5-BF6C-59099EED23AB}.Release|Any CPU.Build.0 = Release|Any CPU
		{F4C83352-A84F-4ED5-BF6C-59099EED23AB}.Release|x64.ActiveCfg = Release|Any CPU
		{F4C83352-A84F-4ED5-BF6C-59099EED23AB}.Release|x64.Build.0 = Release|Any CPU
		{F4C83352-A84F-4ED5-BF6C-59099EED23AB}.Release|x86.ActiveCfg = Release|Any CPU
		{F4C83352-A84F-4ED5-BF6C-59099EED23AB}.Release|x86.Build.0 = Release|Any CPU
		{86C12243-AEC9-459B-93C6-9CB914752BCD}.Debug|Any CPU.ActiveCfg = Debug|Any CPU
		{86C12243-AEC9-459B-93C6-9CB914752BCD}.Debug|Any CPU.Build.0 = Debug|Any CPU
		{86C12243-AEC9-459B-93C6-9CB914752BCD}.Debug|x64.ActiveCfg = Debug|Any CPU
		{86C12243-AEC9-459B-93C6-9CB914752BCD}.Debug|x64.Build.0 = Debug|Any CPU
		{86C12243-AEC9-459B-93C6-9CB914752BCD}.Debug|x86.ActiveCfg = Debug|Any CPU
		{86C12243-AEC9-459B-93C6-9CB914752BCD}.Debug|x86.Build.0 = Debug|Any CPU
		{86C12243-AEC9-459B-93C6-9CB914752BCD}.Release|Any CPU.ActiveCfg = Release|Any CPU
		{86C12243-AEC9-459B-93C6-9CB914752BCD}.Release|Any CPU.Build.0 = Release|Any CPU
		{86C12243-AEC9-459B-93C6-9CB914752BCD}.Release|x64.ActiveCfg = Release|Any CPU
		{86C12243-AEC9-459B-93C6-9CB914752BCD}.Release|x64.Build.0 = Release|Any CPU
		{86C12243-AEC9-459B-93C6-9CB914752BCD}.Release|x86.ActiveCfg = Release|Any CPU
		{86C12243-AEC9-459B-93C6-9CB914752BCD}.Release|x86.Build.0 = Release|Any CPU
		{DFBF2E5E-DA59-4FF0-B570-C28449BD3070}.Debug|Any CPU.ActiveCfg = Debug|Any CPU
		{DFBF2E5E-DA59-4FF0-B570-C28449BD3070}.Debug|Any CPU.Build.0 = Debug|Any CPU
		{DFBF2E5E-DA59-4FF0-B570-C28449BD3070}.Debug|x64.ActiveCfg = Debug|Any CPU
		{DFBF2E5E-DA59-4FF0-B570-C28449BD3070}.Debug|x64.Build.0 = Debug|Any CPU
		{DFBF2E5E-DA59-4FF0-B570-C28449BD3070}.Debug|x86.ActiveCfg = Debug|Any CPU
		{DFBF2E5E-DA59-4FF0-B570-C28449BD3070}.Debug|x86.Build.0 = Debug|Any CPU
		{DFBF2E5E-DA59-4FF0-B570-C28449BD3070}.Release|Any CPU.ActiveCfg = Release|Any CPU
		{DFBF2E5E-DA59-4FF0-B570-C28449BD3070}.Release|Any CPU.Build.0 = Release|Any CPU
		{DFBF2E5E-DA59-4FF0-B570-C28449BD3070}.Release|x64.ActiveCfg = Release|Any CPU
		{DFBF2E5E-DA59-4FF0-B570-C28449BD3070}.Release|x64.Build.0 = Release|Any CPU
		{DFBF2E5E-DA59-4FF0-B570-C28449BD3070}.Release|x86.ActiveCfg = Release|Any CPU
		{DFBF2E5E-DA59-4FF0-B570-C28449BD3070}.Release|x86.Build.0 = Release|Any CPU
		{596D5E02-F3CC-4D91-8033-D4E320DF2EAF}.Debug|Any CPU.ActiveCfg = Debug|Any CPU
		{596D5E02-F3CC-4D91-8033-D4E320DF2EAF}.Debug|Any CPU.Build.0 = Debug|Any CPU
		{596D5E02-F3CC-4D91-8033-D4E320DF2EAF}.Debug|x64.ActiveCfg = Debug|Any CPU
		{596D5E02-F3CC-4D91-8033-D4E320DF2EAF}.Debug|x64.Build.0 = Debug|Any CPU
		{596D5E02-F3CC-4D91-8033-D4E320DF2EAF}.Debug|x86.ActiveCfg = Debug|Any CPU
		{596D5E02-F3CC-4D91-8033-D4E320DF2EAF}.Debug|x86.Build.0 = Debug|Any CPU
		{596D5E02-F3CC-4D91-8033-D4E320DF2EAF}.Release|Any CPU.ActiveCfg = Release|Any CPU
		{596D5E02-F3CC-4D91-8033-D4E320DF2EAF}.Release|Any CPU.Build.0 = Release|Any CPU
		{596D5E02-F3CC-4D91-8033-D4E320DF2EAF}.Release|x64.ActiveCfg = Release|Any CPU
		{596D5E02-F3CC-4D91-8033-D4E320DF2EAF}.Release|x64.Build.0 = Release|Any CPU
		{596D5E02-F3CC-4D91-8033-D4E320DF2EAF}.Release|x86.ActiveCfg = Release|Any CPU
		{596D5E02-F3CC-4D91-8033-D4E320DF2EAF}.Release|x86.Build.0 = Release|Any CPU
		{CE18FE5D-90A3-4D3B-A78E-D95456033CDA}.Debug|Any CPU.ActiveCfg = Debug|Any CPU
		{CE18FE5D-90A3-4D3B-A78E-D95456033CDA}.Debug|Any CPU.Build.0 = Debug|Any CPU
		{CE18FE5D-90A3-4D3B-A78E-D95456033CDA}.Debug|x64.ActiveCfg = Debug|Any CPU
		{CE18FE5D-90A3-4D3B-A78E-D95456033CDA}.Debug|x64.Build.0 = Debug|Any CPU
		{CE18FE5D-90A3-4D3B-A78E-D95456033CDA}.Debug|x86.ActiveCfg = Debug|Any CPU
		{CE18FE5D-90A3-4D3B-A78E-D95456033CDA}.Debug|x86.Build.0 = Debug|Any CPU
		{CE18FE5D-90A3-4D3B-A78E-D95456033CDA}.Release|Any CPU.ActiveCfg = Release|Any CPU
		{CE18FE5D-90A3-4D3B-A78E-D95456033CDA}.Release|Any CPU.Build.0 = Release|Any CPU
		{CE18FE5D-90A3-4D3B-A78E-D95456033CDA}.Release|x64.ActiveCfg = Release|Any CPU
		{CE18FE5D-90A3-4D3B-A78E-D95456033CDA}.Release|x64.Build.0 = Release|Any CPU
		{CE18FE5D-90A3-4D3B-A78E-D95456033CDA}.Release|x86.ActiveCfg = Release|Any CPU
		{CE18FE5D-90A3-4D3B-A78E-D95456033CDA}.Release|x86.Build.0 = Release|Any CPU
		{F78B82F5-CDCF-4B45-969D-0935D96B024A}.Debug|Any CPU.ActiveCfg = Debug|Any CPU
		{F78B82F5-CDCF-4B45-969D-0935D96B024A}.Debug|Any CPU.Build.0 = Debug|Any CPU
		{F78B82F5-CDCF-4B45-969D-0935D96B024A}.Debug|x64.ActiveCfg = Debug|Any CPU
		{F78B82F5-CDCF-4B45-969D-0935D96B024A}.Debug|x64.Build.0 = Debug|Any CPU
		{F78B82F5-CDCF-4B45-969D-0935D96B024A}.Debug|x86.ActiveCfg = Debug|Any CPU
		{F78B82F5-CDCF-4B45-969D-0935D96B024A}.Debug|x86.Build.0 = Debug|Any CPU
		{F78B82F5-CDCF-4B45-969D-0935D96B024A}.Release|Any CPU.ActiveCfg = Release|Any CPU
		{F78B82F5-CDCF-4B45-969D-0935D96B024A}.Release|Any CPU.Build.0 = Release|Any CPU
		{F78B82F5-CDCF-4B45-969D-0935D96B024A}.Release|x64.ActiveCfg = Release|Any CPU
		{F78B82F5-CDCF-4B45-969D-0935D96B024A}.Release|x64.Build.0 = Release|Any CPU
		{F78B82F5-CDCF-4B45-969D-0935D96B024A}.Release|x86.ActiveCfg = Release|Any CPU
		{F78B82F5-CDCF-4B45-969D-0935D96B024A}.Release|x86.Build.0 = Release|Any CPU
		{354CB06B-C25F-4B10-A782-26198B395191}.Debug|Any CPU.ActiveCfg = Debug|Any CPU
		{354CB06B-C25F-4B10-A782-26198B395191}.Debug|Any CPU.Build.0 = Debug|Any CPU
		{354CB06B-C25F-4B10-A782-26198B395191}.Debug|x64.ActiveCfg = Debug|Any CPU
		{354CB06B-C25F-4B10-A782-26198B395191}.Debug|x64.Build.0 = Debug|Any CPU
		{354CB06B-C25F-4B10-A782-26198B395191}.Debug|x86.ActiveCfg = Debug|Any CPU
		{354CB06B-C25F-4B10-A782-26198B395191}.Debug|x86.Build.0 = Debug|Any CPU
		{354CB06B-C25F-4B10-A782-26198B395191}.Release|Any CPU.ActiveCfg = Release|Any CPU
		{354CB06B-C25F-4B10-A782-26198B395191}.Release|Any CPU.Build.0 = Release|Any CPU
		{354CB06B-C25F-4B10-A782-26198B395191}.Release|x64.ActiveCfg = Release|Any CPU
		{354CB06B-C25F-4B10-A782-26198B395191}.Release|x64.Build.0 = Release|Any CPU
		{354CB06B-C25F-4B10-A782-26198B395191}.Release|x86.ActiveCfg = Release|Any CPU
		{354CB06B-C25F-4B10-A782-26198B395191}.Release|x86.Build.0 = Release|Any CPU
		{B089E7C2-E873-4028-B58C-0B6B11C8E574}.Debug|Any CPU.ActiveCfg = Debug|Any CPU
		{B089E7C2-E873-4028-B58C-0B6B11C8E574}.Debug|Any CPU.Build.0 = Debug|Any CPU
		{B089E7C2-E873-4028-B58C-0B6B11C8E574}.Debug|x64.ActiveCfg = Debug|Any CPU
		{B089E7C2-E873-4028-B58C-0B6B11C8E574}.Debug|x64.Build.0 = Debug|Any CPU
		{B089E7C2-E873-4028-B58C-0B6B11C8E574}.Debug|x86.ActiveCfg = Debug|Any CPU
		{B089E7C2-E873-4028-B58C-0B6B11C8E574}.Debug|x86.Build.0 = Debug|Any CPU
		{B089E7C2-E873-4028-B58C-0B6B11C8E574}.Release|Any CPU.ActiveCfg = Release|Any CPU
		{B089E7C2-E873-4028-B58C-0B6B11C8E574}.Release|Any CPU.Build.0 = Release|Any CPU
		{B089E7C2-E873-4028-B58C-0B6B11C8E574}.Release|x64.ActiveCfg = Release|Any CPU
		{B089E7C2-E873-4028-B58C-0B6B11C8E574}.Release|x64.Build.0 = Release|Any CPU
		{B089E7C2-E873-4028-B58C-0B6B11C8E574}.Release|x86.ActiveCfg = Release|Any CPU
		{B089E7C2-E873-4028-B58C-0B6B11C8E574}.Release|x86.Build.0 = Release|Any CPU
		{8E921C0D-3B1D-4831-AE43-285ED9FB153E}.Debug|Any CPU.ActiveCfg = Debug|Any CPU
		{8E921C0D-3B1D-4831-AE43-285ED9FB153E}.Debug|Any CPU.Build.0 = Debug|Any CPU
		{8E921C0D-3B1D-4831-AE43-285ED9FB153E}.Debug|x64.ActiveCfg = Debug|Any CPU
		{8E921C0D-3B1D-4831-AE43-285ED9FB153E}.Debug|x64.Build.0 = Debug|Any CPU
		{8E921C0D-3B1D-4831-AE43-285ED9FB153E}.Debug|x86.ActiveCfg = Debug|Any CPU
		{8E921C0D-3B1D-4831-AE43-285ED9FB153E}.Debug|x86.Build.0 = Debug|Any CPU
		{8E921C0D-3B1D-4831-AE43-285ED9FB153E}.Release|Any CPU.ActiveCfg = Release|Any CPU
		{8E921C0D-3B1D-4831-AE43-285ED9FB153E}.Release|Any CPU.Build.0 = Release|Any CPU
		{8E921C0D-3B1D-4831-AE43-285ED9FB153E}.Release|x64.ActiveCfg = Release|Any CPU
		{8E921C0D-3B1D-4831-AE43-285ED9FB153E}.Release|x64.Build.0 = Release|Any CPU
		{8E921C0D-3B1D-4831-AE43-285ED9FB153E}.Release|x86.ActiveCfg = Release|Any CPU
		{8E921C0D-3B1D-4831-AE43-285ED9FB153E}.Release|x86.Build.0 = Release|Any CPU
		{A7846189-F9D0-49F7-81CB-E05237DA5E03}.Debug|Any CPU.ActiveCfg = Debug|Any CPU
		{A7846189-F9D0-49F7-81CB-E05237DA5E03}.Debug|Any CPU.Build.0 = Debug|Any CPU
		{A7846189-F9D0-49F7-81CB-E05237DA5E03}.Debug|x64.ActiveCfg = Debug|Any CPU
		{A7846189-F9D0-49F7-81CB-E05237DA5E03}.Debug|x64.Build.0 = Debug|Any CPU
		{A7846189-F9D0-49F7-81CB-E05237DA5E03}.Debug|x86.ActiveCfg = Debug|Any CPU
		{A7846189-F9D0-49F7-81CB-E05237DA5E03}.Debug|x86.Build.0 = Debug|Any CPU
		{A7846189-F9D0-49F7-81CB-E05237DA5E03}.Release|Any CPU.ActiveCfg = Release|Any CPU
		{A7846189-F9D0-49F7-81CB-E05237DA5E03}.Release|Any CPU.Build.0 = Release|Any CPU
		{A7846189-F9D0-49F7-81CB-E05237DA5E03}.Release|x64.ActiveCfg = Release|Any CPU
		{A7846189-F9D0-49F7-81CB-E05237DA5E03}.Release|x64.Build.0 = Release|Any CPU
		{A7846189-F9D0-49F7-81CB-E05237DA5E03}.Release|x86.ActiveCfg = Release|Any CPU
		{A7846189-F9D0-49F7-81CB-E05237DA5E03}.Release|x86.Build.0 = Release|Any CPU
		{F5A46255-9BCF-4DFE-BB9B-C32A4DBAF0DF}.Debug|Any CPU.ActiveCfg = Debug|Any CPU
		{F5A46255-9BCF-4DFE-BB9B-C32A4DBAF0DF}.Debug|Any CPU.Build.0 = Debug|Any CPU
		{F5A46255-9BCF-4DFE-BB9B-C32A4DBAF0DF}.Debug|x64.ActiveCfg = Debug|Any CPU
		{F5A46255-9BCF-4DFE-BB9B-C32A4DBAF0DF}.Debug|x64.Build.0 = Debug|Any CPU
		{F5A46255-9BCF-4DFE-BB9B-C32A4DBAF0DF}.Debug|x86.ActiveCfg = Debug|Any CPU
		{F5A46255-9BCF-4DFE-BB9B-C32A4DBAF0DF}.Debug|x86.Build.0 = Debug|Any CPU
		{F5A46255-9BCF-4DFE-BB9B-C32A4DBAF0DF}.Release|Any CPU.ActiveCfg = Release|Any CPU
		{F5A46255-9BCF-4DFE-BB9B-C32A4DBAF0DF}.Release|Any CPU.Build.0 = Release|Any CPU
		{F5A46255-9BCF-4DFE-BB9B-C32A4DBAF0DF}.Release|x64.ActiveCfg = Release|Any CPU
		{F5A46255-9BCF-4DFE-BB9B-C32A4DBAF0DF}.Release|x64.Build.0 = Release|Any CPU
		{F5A46255-9BCF-4DFE-BB9B-C32A4DBAF0DF}.Release|x86.ActiveCfg = Release|Any CPU
		{F5A46255-9BCF-4DFE-BB9B-C32A4DBAF0DF}.Release|x86.Build.0 = Release|Any CPU
		{0208AC7D-D6E1-456F-8918-2D03463A6BEA}.Debug|Any CPU.ActiveCfg = Debug|Any CPU
		{0208AC7D-D6E1-456F-8918-2D03463A6BEA}.Debug|Any CPU.Build.0 = Debug|Any CPU
		{0208AC7D-D6E1-456F-8918-2D03463A6BEA}.Debug|x64.ActiveCfg = Debug|Any CPU
		{0208AC7D-D6E1-456F-8918-2D03463A6BEA}.Debug|x64.Build.0 = Debug|Any CPU
		{0208AC7D-D6E1-456F-8918-2D03463A6BEA}.Debug|x86.ActiveCfg = Debug|Any CPU
		{0208AC7D-D6E1-456F-8918-2D03463A6BEA}.Debug|x86.Build.0 = Debug|Any CPU
		{0208AC7D-D6E1-456F-8918-2D03463A6BEA}.Release|Any CPU.ActiveCfg = Release|Any CPU
		{0208AC7D-D6E1-456F-8918-2D03463A6BEA}.Release|Any CPU.Build.0 = Release|Any CPU
		{0208AC7D-D6E1-456F-8918-2D03463A6BEA}.Release|x64.ActiveCfg = Release|Any CPU
		{0208AC7D-D6E1-456F-8918-2D03463A6BEA}.Release|x64.Build.0 = Release|Any CPU
		{0208AC7D-D6E1-456F-8918-2D03463A6BEA}.Release|x86.ActiveCfg = Release|Any CPU
		{0208AC7D-D6E1-456F-8918-2D03463A6BEA}.Release|x86.Build.0 = Release|Any CPU
		{BF79D0D6-5E16-4652-BE02-906288E4B256}.Debug|Any CPU.ActiveCfg = Debug|Any CPU
		{BF79D0D6-5E16-4652-BE02-906288E4B256}.Debug|Any CPU.Build.0 = Debug|Any CPU
		{BF79D0D6-5E16-4652-BE02-906288E4B256}.Debug|x64.ActiveCfg = Debug|Any CPU
		{BF79D0D6-5E16-4652-BE02-906288E4B256}.Debug|x64.Build.0 = Debug|Any CPU
		{BF79D0D6-5E16-4652-BE02-906288E4B256}.Debug|x86.ActiveCfg = Debug|Any CPU
		{BF79D0D6-5E16-4652-BE02-906288E4B256}.Debug|x86.Build.0 = Debug|Any CPU
		{BF79D0D6-5E16-4652-BE02-906288E4B256}.Release|Any CPU.ActiveCfg = Release|Any CPU
		{BF79D0D6-5E16-4652-BE02-906288E4B256}.Release|Any CPU.Build.0 = Release|Any CPU
		{BF79D0D6-5E16-4652-BE02-906288E4B256}.Release|x64.ActiveCfg = Release|Any CPU
		{BF79D0D6-5E16-4652-BE02-906288E4B256}.Release|x64.Build.0 = Release|Any CPU
		{BF79D0D6-5E16-4652-BE02-906288E4B256}.Release|x86.ActiveCfg = Release|Any CPU
		{BF79D0D6-5E16-4652-BE02-906288E4B256}.Release|x86.Build.0 = Release|Any CPU
		{B0D652C1-F478-4875-A74B-79C821DE5A54}.Debug|Any CPU.ActiveCfg = Debug|Any CPU
		{B0D652C1-F478-4875-A74B-79C821DE5A54}.Debug|Any CPU.Build.0 = Debug|Any CPU
		{B0D652C1-F478-4875-A74B-79C821DE5A54}.Debug|x64.ActiveCfg = Debug|Any CPU
		{B0D652C1-F478-4875-A74B-79C821DE5A54}.Debug|x64.Build.0 = Debug|Any CPU
		{B0D652C1-F478-4875-A74B-79C821DE5A54}.Debug|x86.ActiveCfg = Debug|Any CPU
		{B0D652C1-F478-4875-A74B-79C821DE5A54}.Debug|x86.Build.0 = Debug|Any CPU
		{B0D652C1-F478-4875-A74B-79C821DE5A54}.Release|Any CPU.ActiveCfg = Release|Any CPU
		{B0D652C1-F478-4875-A74B-79C821DE5A54}.Release|Any CPU.Build.0 = Release|Any CPU
		{B0D652C1-F478-4875-A74B-79C821DE5A54}.Release|x64.ActiveCfg = Release|Any CPU
		{B0D652C1-F478-4875-A74B-79C821DE5A54}.Release|x64.Build.0 = Release|Any CPU
		{B0D652C1-F478-4875-A74B-79C821DE5A54}.Release|x86.ActiveCfg = Release|Any CPU
		{B0D652C1-F478-4875-A74B-79C821DE5A54}.Release|x86.Build.0 = Release|Any CPU
	EndGlobalSection
	GlobalSection(SolutionProperties) = preSolution
		HideSolutionNode = FALSE
	EndGlobalSection
	GlobalSection(NestedProjects) = preSolution
		{724F24B2-C85E-4423-FEC5-89ECC071C1BD} = {FB50E3C5-C13C-2019-1055-E6355DB81883}
		{4222B15A-75F9-4B64-9A2D-0E43E7BAE2BC} = {724F24B2-C85E-4423-FEC5-89ECC071C1BD}
		{7D68C075-B26F-274A-3904-B66CFE6947F3} = {FB50E3C5-C13C-2019-1055-E6355DB81883}
		{C7D4C2EC-D4DC-408A-97DE-7B6B82B72D7F} = {7D68C075-B26F-274A-3904-B66CFE6947F3}
		{ADDDEA40-0625-F045-8357-D0C41199A445} = {FB50E3C5-C13C-2019-1055-E6355DB81883}
		{F132B0DB-3B39-4767-96FD-E9C08A9CDD7F} = {ADDDEA40-0625-F045-8357-D0C41199A445}
		{DF478D3B-196F-4FFD-8BA0-07221E0075DB} = {ADDDEA40-0625-F045-8357-D0C41199A445}
		{E439149B-C18E-42DC-8A1E-A1725A3EDE6E} = {ADDDEA40-0625-F045-8357-D0C41199A445}
		{7A13DEC8-8655-45A5-AAB5-4ECC11BAE11D} = {ADDDEA40-0625-F045-8357-D0C41199A445}
		{19BB093C-5DD3-CD4F-DD41-76BF7AF20B7E} = {FB50E3C5-C13C-2019-1055-E6355DB81883}
		{5AB048A0-7C73-41A0-9751-408301C8CA23} = {19BB093C-5DD3-CD4F-DD41-76BF7AF20B7E}
		{0564F80A-8723-6C98-F232-84DE43C42186} = {D806B43B-D898-3164-D0B0-D9F9A8FDE84F}
		{90170C28-94F1-4FFB-BACE-8B4AFA3CC1B5} = {0564F80A-8723-6C98-F232-84DE43C42186}
		{AE378B8F-8610-BF93-1C6F-CCAF4C9234C6} = {D806B43B-D898-3164-D0B0-D9F9A8FDE84F}
		{3FDF8EAB-F4D9-4283-9F0B-0CF8898613AF} = {AE378B8F-8610-BF93-1C6F-CCAF4C9234C6}
		{693034FF-F859-4AD0-9356-3945EDEBE966} = {AE378B8F-8610-BF93-1C6F-CCAF4C9234C6}
		{99AA861D-39B9-7AF6-B134-D22FF729623D} = {D806B43B-D898-3164-D0B0-D9F9A8FDE84F}
		{81D60A61-30F4-43BF-B91D-7DE8B6AFE832} = {99AA861D-39B9-7AF6-B134-D22FF729623D}
		{AC6DB801-4A89-6D57-F1E0-6D16E3325D3C} = {D94A966B-D854-1119-D7AD-D05FCFEBCD2F}
		{C735CB7A-DA01-429C-92F5-DFAA96F82A6D} = {AC6DB801-4A89-6D57-F1E0-6D16E3325D3C}
		{1C53D6C7-23D1-4E66-B989-67EE2AF8917E} = {AC6DB801-4A89-6D57-F1E0-6D16E3325D3C}
		{2C776313-6F6A-4B16-B705-E5AC4EC86A47} = {AC6DB801-4A89-6D57-F1E0-6D16E3325D3C}
		{489E04D8-2A3A-4BFC-B13B-F1FAE7F887DE} = {AC6DB801-4A89-6D57-F1E0-6D16E3325D3C}
		{B9D763C3-9D58-9856-CBED-629E8E43DF74} = {D94A966B-D854-1119-D7AD-D05FCFEBCD2F}
		{5D3C2DA7-8B64-4E65-9EB3-AC488F66DF50} = {B9D763C3-9D58-9856-CBED-629E8E43DF74}
		{71FA428C-FB69-4B69-9CCA-DDCE94F8879B} = {B9D763C3-9D58-9856-CBED-629E8E43DF74}
		{4C30161D-5D52-4CE6-98A4-00FD97CB30ED} = {B9D763C3-9D58-9856-CBED-629E8E43DF74}
		{AFEA0C76-DD23-4C2D-B451-B3F8E2A7715F} = {B9D763C3-9D58-9856-CBED-629E8E43DF74}
		{CEB01AA5-FF9A-49C2-A685-9EF9FEEB2D14} = {B9D763C3-9D58-9856-CBED-629E8E43DF74}
		{73F87AE6-B090-4D9B-BA30-1A8123DF0968} = {B9D763C3-9D58-9856-CBED-629E8E43DF74}
		{F4C83352-A84F-4ED5-BF6C-59099EED23AB} = {B9D763C3-9D58-9856-CBED-629E8E43DF74}
		{86C12243-AEC9-459B-93C6-9CB914752BCD} = {B9D763C3-9D58-9856-CBED-629E8E43DF74}
		{DFBF2E5E-DA59-4FF0-B570-C28449BD3070} = {B9D763C3-9D58-9856-CBED-629E8E43DF74}
		{596D5E02-F3CC-4D91-8033-D4E320DF2EAF} = {B9D763C3-9D58-9856-CBED-629E8E43DF74}
		{CE18FE5D-90A3-4D3B-A78E-D95456033CDA} = {B9D763C3-9D58-9856-CBED-629E8E43DF74}
		{F78B82F5-CDCF-4B45-969D-0935D96B024A} = {B9D763C3-9D58-9856-CBED-629E8E43DF74}
		{354CB06B-C25F-4B10-A782-26198B395191} = {B9D763C3-9D58-9856-CBED-629E8E43DF74}
		{9F55F127-6A24-FE1B-7263-7F2D38B91871} = {4AA91B89-A138-4E6F-C660-CE83AFBFEAE4}
		{B089E7C2-E873-4028-B58C-0B6B11C8E574} = {9F55F127-6A24-FE1B-7263-7F2D38B91871}
		{2882BA33-5689-EE49-B5E4-AFDEBE66C883} = {4AA91B89-A138-4E6F-C660-CE83AFBFEAE4}
		{8E921C0D-3B1D-4831-AE43-285ED9FB153E} = {2882BA33-5689-EE49-B5E4-AFDEBE66C883}
		{F6D4EBAD-2AF2-5191-3662-1DD94689CC83} = {8CBD3172-C18F-CB4E-7A41-DBFC377A8F95}
		{A7846189-F9D0-49F7-81CB-E05237DA5E03} = {F6D4EBAD-2AF2-5191-3662-1DD94689CC83}
		{74BE7EAC-B7D8-87E0-D6F4-FE1C8C4F80BA} = {39ACA1E3-B84C-4CDB-5B94-64ADA40D8678}
		{F5A46255-9BCF-4DFE-BB9B-C32A4DBAF0DF} = {74BE7EAC-B7D8-87E0-D6F4-FE1C8C4F80BA}
		{FF656777-B61C-D8A1-D30F-C11952DA954A} = {FD08C49C-8E71-448A-CC69-90E5F136F684}
		{0208AC7D-D6E1-456F-8918-2D03463A6BEA} = {FF656777-B61C-D8A1-D30F-C11952DA954A}
		{579CA5D7-D920-18C8-FE9B-8A0D4B1AD94D} = {FD08C49C-8E71-448A-CC69-90E5F136F684}
		{BF79D0D6-5E16-4652-BE02-906288E4B256} = {579CA5D7-D920-18C8-FE9B-8A0D4B1AD94D}
		{A105EB45-FA29-268C-2AA3-303437A35839} = {FD08C49C-8E71-448A-CC69-90E5F136F684}
		{B0D652C1-F478-4875-A74B-79C821DE5A54} = {A105EB45-FA29-268C-2AA3-303437A35839}
	EndGlobalSection
EndGlobal
