
Microsoft Visual Studio Solution File, Format Version 12.00
# Visual Studio Version 16
VisualStudioVersion = 16.0.31729.503
MinimumVisualStudioVersion = 10.0.40219.1
Project("{FAE04EC0-301F-11D3-BF4B-00C04F79EFBC}") = "Konsolka_1", "Konsolka_1\Konsolka_1.csproj", "{81D60A61-30F4-43BF-B91D-7DE8B6AFE832}"
EndProject
Global
	GlobalSection(SolutionConfigurationPlatforms) = preSolution
		Debug|Any CPU = Debug|Any CPU
		Release|Any CPU = Release|Any CPU
	EndGlobalSection
	GlobalSection(ProjectConfigurationPlatforms) = postSolution
		{81D60A61-30F4-43BF-B91D-7DE8B6AFE832}.Debug|Any CPU.ActiveCfg = Debug|Any CPU
		{81D60A61-30F4-43BF-B91D-7DE8B6AFE832}.Debug|Any CPU.Build.0 = Debug|Any CPU
		{81D60A61-30F4-43BF-B91D-7DE8B6AFE832}.Release|Any CPU.ActiveCfg = Release|Any CPU
		{81D60A61-30F4-43BF-B91D-7DE8B6AFE832}.Release|Any CPU.Build.0 = Release|Any CPU
	EndGlobalSection
	GlobalSection(SolutionProperties) = preSolution
		HideSolutionNode = FALSE
	EndGlobalSection
	GlobalSection(ExtensibilityGlobals) = postSolution
		SolutionGuid = {0D25EF57-92D8-4C80-9B03-F3611DE69BD4}
	EndGlobalSection
EndGlobal
