
Microsoft Visual Studio Solution File, Format Version 12.00
# Visual Studio Version 16
VisualStudioVersion = 16.0.30611.23
MinimumVisualStudioVersion = 10.0.40219.1
Project("{FAE04EC0-301F-11D3-BF4B-00C04F79EFBC}") = "Baza2", "Baza2\Baza2.csproj", "{F5A46255-9BCF-4DFE-BB9B-C32A4DBAF0DF}"
EndProject
Global
	GlobalSection(SolutionConfigurationPlatforms) = preSolution
		Debug|Any CPU = Debug|Any CPU
		Release|Any CPU = Release|Any CPU
	EndGlobalSection
	GlobalSection(ProjectConfigurationPlatforms) = postSolution
		{F5A46255-9BCF-4DFE-BB9B-C32A4DBAF0DF}.Debug|Any CPU.ActiveCfg = Debug|Any CPU
		{F5A46255-9BCF-4DFE-BB9B-C32A4DBAF0DF}.Debug|Any CPU.Build.0 = Debug|Any CPU
		{F5A46255-9BCF-4DFE-BB9B-C32A4DBAF0DF}.Release|Any CPU.ActiveCfg = Release|Any CPU
		{F5A46255-9BCF-4DFE-BB9B-C32A4DBAF0DF}.Release|Any CPU.Build.0 = Release|Any CPU
	EndGlobalSection
	GlobalSection(SolutionProperties) = preSolution
		HideSolutionNode = FALSE
	EndGlobalSection
	GlobalSection(ExtensibilityGlobals) = postSolution
		SolutionGuid = {10A92E67-5174-4347-A302-3354135C5E0C}
	EndGlobalSection
EndGlobal
