
Microsoft Visual Studio Solution File, Format Version 12.00
# Visual Studio Version 17
VisualStudioVersion = 17.5.002.0
MinimumVisualStudioVersion = 10.0.40219.1
Project("{9A19103F-16F7-4668-BE54-9A1E7A4F7556}") = "ZakladSamochodowy", "ZakladSamochodowy.csproj", "{9F9437D2-4F98-493A-9324-4ADF7B3B132C}"
EndProject
Global
	GlobalSection(SolutionConfigurationPlatforms) = preSolution
		Debug|Any CPU = Debug|Any CPU
		Release|Any CPU = Release|Any CPU
	EndGlobalSection
	GlobalSection(ProjectConfigurationPlatforms) = postSolution
		{9F9437D2-4F98-493A-9324-4ADF7B3B132C}.Debug|Any CPU.ActiveCfg = Debug|Any CPU
		{9F9437D2-4F98-493A-9324-4ADF7B3B132C}.Debug|Any CPU.Build.0 = Debug|Any CPU
		{9F9437D2-4F98-493A-9324-4ADF7B3B132C}.Release|Any CPU.ActiveCfg = Release|Any CPU
		{9F9437D2-4F98-493A-9324-4ADF7B3B132C}.Release|Any CPU.Build.0 = Release|Any CPU
	EndGlobalSection
	GlobalSection(SolutionProperties) = preSolution
		HideSolutionNode = FALSE
	EndGlobalSection
	GlobalSection(ExtensibilityGlobals) = postSolution
		SolutionGuid = {158768A4-EFFB-44B5-9675-736706C6737D}
	EndGlobalSection
EndGlobal
